<?xml version="1.0" encoding="utf-8"?>
<Project ToolsVersion="4.0" xmlns="http://schemas.microsoft.com/developer/msbuild/2003">
  <ItemGroup>
    <Filter Include="Source Files">
      <UniqueIdentifier>{4FC737F1-C7A5-4376-A066-2A32D752A2FF}</UniqueIdentifier>
      <Extensions>cpp;c;cc;cxx;c++;cppm;ixx;def;odl;idl;hpj;bat;asm;asmx</Extensions>
    </Filter>
    <Filter Include="Header Files">
      <UniqueIdentifier>{93995380-89BD-4b04-88EB-625FBE52EBFB}</UniqueIdentifier>
      <Extensions>h;hh;hpp;hxx;h++;hm;inl;inc;ipp;xsd</Extensions>
    </Filter>
    <Filter Include="Resource Files">
      <UniqueIdentifier>{67DA6AB6-F800-4c08-8B7A-83BB121AAD01}</UniqueIdentifier>
      <Extensions>rc;ico;cur;bmp;dlg;rc2;rct;bin;rgs;gif;jpg;jpeg;jpe;resx;tiff;tif;png;wav;mfcribbon-ms</Extensions>
    </Filter>
    <Filter Include="Header Files\sql_commands">
      <UniqueIdentifier>{6756e3d7-fc3c-4dfb-83de-0ca8f3a1f180}</UniqueIdentifier>
    </Filter>
  </ItemGroup>
  <ItemGroup>
    <ClCompile Include="Sources\main.cpp">
      <Filter>Source Files</Filter>
    </ClCompile>
    <ClCompile Include="Sources\Column.cpp">
      <Filter>Source Files</Filter>
    </ClCompile>
    <ClCompile Include="Sources\commandParser.cpp">
      <Filter>Source Files</Filter>
    </ClCompile>
    <ClCompile Include="Sources\Database.cpp">
      <Filter>Source Files</Filter>
    </ClCompile>
    <ClCompile Include="Sources\HelpersForSelectCommands.cpp">
      <Filter>Source Files</Filter>
    </ClCompile>
    <ClCompile Include="Sources\Index.cpp">
      <Filter>Source Files</Filter>
    </ClCompile>
    <ClCompile Include="Sources\IndexManager.cpp">
      <Filter>Source Files</Filter>
    </ClCompile>
    <ClCompile Include="Sources\Row.cpp">
      <Filter>Source Files</Filter>
    </ClCompile>
    <ClCompile Include="Sources\selectCommands.cpp">
      <Filter>Source Files</Filter>
    </ClCompile>
    <ClCompile Include="Sources\stringUtils.cpp">
      <Filter>Source Files</Filter>
    </ClCompile>
    <ClCompile Include="Sources\Table.cpp">
      <Filter>Source Files</Filter>
    </ClCompile>
    <ClCompile Include="Sources\TableNames.cpp">
      <Filter>Source Files</Filter>
    </ClCompile>
    <ClCompile Include="Sources\ValidDataType.cpp">
      <Filter>Source Files</Filter>
    </ClCompile>
  </ItemGroup>
  <ItemGroup>
    <ClInclude Include="Headers\Column.h">
      <Filter>Header Files</Filter>
    </ClInclude>
    <ClInclude Include="Headers\Command.h">
      <Filter>Header Files</Filter>
    </ClInclude>
    <ClInclude Include="Headers\commandParser.h">
      <Filter>Header Files</Filter>
    </ClInclude>
    <ClInclude Include="Headers\Database.h">
      <Filter>Header Files</Filter>
    </ClInclude>
    <ClInclude Include="Headers\helpCommands.h">
      <Filter>Header Files</Filter>
    </ClInclude>
    <ClInclude Include="Headers\HelpersForSelectCommands.h">
      <Filter>Header Files</Filter>
    </ClInclude>
    <ClInclude Include="Headers\Index.h">
      <Filter>Header Files</Filter>
    </ClInclude>
    <ClInclude Include="Headers\IndexManager.h">
      <Filter>Header Files</Filter>
    </ClInclude>
    <ClInclude Include="Headers\readSettingsFile.h">
      <Filter>Header Files</Filter>
    </ClInclude>
    <ClInclude Include="Headers\Row.h">
      <Filter>Header Files</Filter>
    </ClInclude>
    <ClInclude Include="Headers\selectCommands.h">
      <Filter>Header Files</Filter>
    </ClInclude>
    <ClInclude Include="Headers\startCommands.h">
      <Filter>Header Files</Filter>
    </ClInclude>
    <ClInclude Include="Headers\stringUtils.h">
      <Filter>Header Files</Filter>
    </ClInclude>
    <ClInclude Include="Headers\Table.h">
      <Filter>Header Files</Filter>
    </ClInclude>
    <ClInclude Include="Headers\TableNames.h">
      <Filter>Header Files</Filter>
    </ClInclude>
    <ClInclude Include="Headers\ValidDataType.h">
      <Filter>Header Files</Filter>
    </ClInclude>
    <ClInclude Include="Commands\alterAddColumn.h">
      <Filter>Header Files\sql_commands</Filter>
    </ClInclude>
    <ClInclude Include="Commands\alterDropColumn.h">
      <Filter>Header Files\sql_commands</Filter>
    </ClInclude>
    <ClInclude Include="Commands\clearDisplay.h">
      <Filter>Header Files\sql_commands</Filter>
    </ClInclude>
    <ClInclude Include="Commands\createIndex.h">
      <Filter>Header Files\sql_commands</Filter>
    </ClInclude>
    <ClInclude Include="Commands\createTable.h">
      <Filter>Header Files\sql_commands</Filter>
    </ClInclude>
    <ClInclude Include="Commands\deleteWhere.h">
      <Filter>Header Files\sql_commands</Filter>
    </ClInclude>
    <ClInclude Include="Commands\describeTable.h">
      <Filter>Header Files\sql_commands</Filter>
    </ClInclude>
    <ClInclude Include="Commands\dropIndex.h">
      <Filter>Header Files\sql_commands</Filter>
    </ClInclude>
    <ClInclude Include="Commands\dropTable.h">
      <Filter>Header Files\sql_commands</Filter>
    </ClInclude>
    <ClInclude Include="Commands\helpMenu.h">
      <Filter>Header Files\sql_commands</Filter>
    </ClInclude>
    <ClInclude Include="Commands\importCSV.h">
      <Filter>Header Files\sql_commands</Filter>
    </ClInclude>
    <ClInclude Include="Commands\InsertCommand.h">
      <Filter>Header Files\sql_commands</Filter>
    </ClInclude>
    <ClInclude Include="Commands\selectAll.h">
      <Filter>Header Files\sql_commands</Filter>
    </ClInclude>
    <ClInclude Include="Commands\selectAllWhere.h">
      <Filter>Header Files\sql_commands</Filter>
    </ClInclude>
    <ClInclude Include="Commands\selectColumns.h">
      <Filter>Header Files\sql_commands</Filter>
    </ClInclude>
    <ClInclude Include="Commands\selectWhere.h">
      <Filter>Header Files\sql_commands</Filter>
    </ClInclude>
    <ClInclude Include="Commands\showIndexFromAll.h">
      <Filter>Header Files\sql_commands</Filter>
    </ClInclude>
    <ClInclude Include="Commands\showIndexFromTable.h">
      <Filter>Header Files\sql_commands</Filter>
    </ClInclude>
    <ClInclude Include="Commands\showTables.h">
      <Filter>Header Files\sql_commands</Filter>
    </ClInclude>
    <ClInclude Include="Commands\syntaxMenu.h">
      <Filter>Header Files\sql_commands</Filter>
    </ClInclude>
    <ClInclude Include="Commands\updateTable.h">
      <Filter>Header Files\sql_commands</Filter>
    </ClInclude>
    <ClInclude Include="Resources\resource.h">
      <Filter>Resource Files</Filter>
    </ClInclude>
  </ItemGroup>
  <ItemGroup>
    <Image Include="Resources\dbms_icon.ico">
      <Filter>Resource Files</Filter>
    </Image>
  </ItemGroup>
  <ItemGroup>
    <ResourceCompile Include="Resources\Resource.rc">
      <Filter>Resource Files</Filter>
    </ResourceCompile>
  </ItemGroup>
</Project>